hash: 820f7ae58955351634eca5be858fd5cea1a60b4e06c13709aeeaafad8fe581f5
updated: 2017-01-30T00:58:51.648402013+09:00
imports:
- name: github.com/aws/aws-sdk-go
  version: 1e6377549087b490b693300bce2c5e286dc87740
  subpackages:
  - aws
  - service/ec2
- name: github.com/pkg/errors
  version: 645ef00459ed84a119197bfb8d8205042c6df63d
- name: github.com/spf13/cobra
  version: de09d9ce07d0d8a74442cfeaa91628cf9492cc23
testImports: []
